
Microsoft Visual Studio Solution File, Format Version 12.00
# Visual Studio Version 16
VisualStudioVersion = 16.0.30611.23
MinimumVisualStudioVersion = 10.0.40219.1
Project("{FAE04EC0-301F-11D3-BF4B-00C04F79EFBC}") = "Twitter", "Twitter.csproj", "{E7875D73-C52C-4A9C-961F-A753DF5A8D04}"
EndProject
Global
	GlobalSection(SolutionConfigurationPlatforms) = preSolution
		Debug|Any CPU = Debug|Any CPU
		Release|Any CPU = Release|Any CPU
	EndGlobalSection
	GlobalSection(ProjectConfigurationPlatforms) = postSolution
		{E7875D73-C52C-4A9C-961F-A753DF5A8D04}.Debug|Any CPU.ActiveCfg = Debug|Any CPU
		{E7875D73-C52C-4A9C-961F-A753DF5A8D04}.Debug|Any CPU.Build.0 = Debug|Any CPU
		{E7875D73-C52C-4A9C-961F-A753DF5A8D04}.Release|Any CPU.ActiveCfg = Release|Any CPU
		{E7875D73-C52C-4A9C-961F-A753DF5A8D04}.Release|Any CPU.Build.0 = Release|Any CPU
	EndGlobalSection
	GlobalSection(SolutionProperties) = preSolution
		HideSolutionNode = FALSE
	EndGlobalSection
	GlobalSection(ExtensibilityGlobals) = postSolution
		SolutionGuid = {CFF71D8A-3405-4A37-8760-7AD4814F2802}
	EndGlobalSection
EndGlobal
